// !$*UTF8*$!
{
	archiveVersion = 1;
	classes = {
	};
	objectVersion = 50;
	objects = {

/* Begin PBXBuildFile section */
		B95142042234A0E1009BA2E0 /* AppDelegate.m in Sources */ = {isa = PBXBuildFile; fileRef = B95142032234A0E1009BA2E0 /* AppDelegate.m */; };
		B95142072234A0E1009BA2E0 /* ViewController.m in Sources */ = {isa = PBXBuildFile; fileRef = B95142062234A0E1009BA2E0 /* ViewController.m */; };
		B951420A2234A0E1009BA2E0 /* Main.storyboard in Resources */ = {isa = PBXBuildFile; fileRef = B95142082234A0E1009BA2E0 /* Main.storyboard */; };
		B951420C2234A0E1009BA2E0 /* Assets.xcassets in Resources */ = {isa = PBXBuildFile; fileRef = B951420B2234A0E1009BA2E0 /* Assets.xcassets */; };
		B951420F2234A0E1009BA2E0 /* LaunchScreen.storyboard in Resources */ = {isa = PBXBuildFile; fileRef = B951420D2234A0E1009BA2E0 /* LaunchScreen.storyboard */; };
		B95142122234A0E1009BA2E0 /* main.m in Sources */ = {isa = PBXBuildFile; fileRef = B95142112234A0E1009BA2E0 /* main.m */; };
		B951421A2234A116009BA2E0 /* CZPerson.m in Sources */ = {isa = PBXBuildFile; fileRef = B95142192234A116009BA2E0 /* CZPerson.m */; };
/* End PBXBuildFile section */

/* Begin PBXFileReference section */
		B95141FF2234A0E1009BA2E0 /* Allock&init.app */ = {isa = PBXFileReference; explicitFileType = wrapper.application; includeInIndex = 0; path = "Allock&init.app"; sourceTree = BUILT_PRODUCTS_DIR; };
		B95142022234A0E1009BA2E0 /* AppDelegate.h */ = {isa = PBXFileReference; lastKnownFileType = sourcecode.c.h; path = AppDelegate.h; sourceTree = "<group>"; };
		B95142032234A0E1009BA2E0 /* AppDelegate.m */ = {isa = PBXFileReference; lastKnownFileType = sourcecode.c.objc; path = AppDelegate.m; sourceTree = "<group>"; };
		B95142052234A0E1009BA2E0 /* ViewController.h */ = {isa = PBXFileReference; lastKnownFileType = sourcecode.c.h; path = ViewController.h; sourceTree = "<group>"; };
		B95142062234A0E1009BA2E0 /* ViewController.m */ = {isa = PBXFileReference; lastKnownFileType = sourcecode.c.objc; path = ViewController.m; sourceTree = "<group>"; };
		B95142092234A0E1009BA2E0 /* Base */ = {isa = PBXFileReference; lastKnownFileType = file.storyboard; name = Base; path = Base.lproj/Main.storyboard; sourceTree = "<group>"; };
		B951420B2234A0E1009BA2E0 /* Assets.xcassets */ = {isa = PBXFileReference; lastKnownFileType = folder.assetcatalog; path = Assets.xcassets; sourceTree = "<group>"; };
		B951420E2234A0E1009BA2E0 /* Base */ = {isa = PBXFileReference; lastKnownFileType = file.storyboard; name = Base; path = Base.lproj/LaunchScreen.storyboard; sourceTree = "<group>"; };
		B95142102234A0E1009BA2E0 /* Info.plist */ = {isa = PBXFileReference; lastKnownFileType = text.plist.xml; path = Info.plist; sourceTree = "<group>"; };
		B95142112234A0E1009BA2E0 /* main.m */ = {isa = PBXFileReference; lastKnownFileType = sourcecode.c.objc; path = main.m; sourceTree = "<group>"; };
		B95142182234A116009BA2E0 /* CZPerson.h */ = {isa = PBXFileReference; lastKnownFileType = sourcecode.c.h; path = CZPerson.h; sourceTree = "<group>"; };
		B95142192234A116009BA2E0 /* CZPerson.m */ = {isa = PBXFileReference; lastKnownFileType = sourcecode.c.objc; path = CZPerson.m; sourceTree = "<group>"; };
/* End PBXFileReference section */

/* Begin PBXFrameworksBuildPhase section */
		B95141FC2234A0E1009BA2E0 /* Frameworks */ = {
			isa = PBXFrameworksBuildPhase;
			buildActionMask = 2147483647;
			files = (
			);
			runOnlyForDeploymentPostprocessing = 0;
		};
/* End PBXFrameworksBuildPhase section */

/* Begin PBXGroup section */
		B95141F62234A0E1009BA2E0 = {
			isa = PBXGroup;
			children = (
				B95142012234A0E1009BA2E0 /* Allock&init */,
				B95142002234A0E1009BA2E0 /* Products */,
			);
			sourceTree = "<group>";
		};
		B95142002234A0E1009BA2E0 /* Products */ = {
			isa = PBXGroup;
			children = (
				B95141FF2234A0E1009BA2E0 /* Allock&init.app */,
			);
			name = Products;
			sourceTree = "<group>";
		};
		B95142012234A0E1009BA2E0 /* Allock&init */ = {
			isa = PBXGroup;
			children = (
				B95142022234A0E1009BA2E0 /* AppDelegate.h */,
				B95142032234A0E1009BA2E0 /* AppDelegate.m */,
				B95142052234A0E1009BA2E0 /* ViewController.h */,
				B95142062234A0E1009BA2E0 /* ViewController.m */,
				B95142182234A116009BA2E0 /* CZPerson.h */,
				B95142192234A116009BA2E0 /* CZPerson.m */,
				B95142082234A0E1009BA2E0 /* Main.storyboard */,
				B951420B2234A0E1009BA2E0 /* Assets.xcassets */,
				B951420D2234A0E1009BA2E0 /* LaunchScreen.storyboard */,
				B95142102234A0E1009BA2E0 /* Info.plist */,
				B95142112234A0E1009BA2E0 /* main.m */,
			);
			path = "Allock&init";
			sourceTree = "<group>";
		};
/* End PBXGroup section */

/* Begin PBXNativeTarget section */
		B95141FE2234A0E1009BA2E0 /* Allock&init */ = {
			isa = PBXNativeTarget;
			buildConfigurationList = B95142152234A0E1009BA2E0 /* Build configuration list for PBXNativeTarget "Allock&init" */;
			buildPhases = (
				B95141FB2234A0E1009BA2E0 /* Sources */,
				B95141FC2234A0E1009BA2E0 /* Frameworks */,
				B95141FD2234A0E1009BA2E0 /* Resources */,
			);
			buildRules = (
			);
			dependencies = (
			);
			name = "Allock&init";
			productName = "Allock&init";
			productReference = B95141FF2234A0E1009BA2E0 /* Allock&init.app */;
			productType = "com.apple.product-type.application";
		};
/* End PBXNativeTarget section */

/* Begin PBXProject section */
		B95141F72234A0E1009BA2E0 /* Project object */ = {
			isa = PBXProject;
			attributes = {
				LastUpgradeCheck = 1010;
				ORGANIZATIONNAME = czcode;
				TargetAttributes = {
					B95141FE2234A0E1009BA2E0 = {
						CreatedOnToolsVersion = 10.1;
					};
				};
			};
			buildConfigurationList = B95141FA2234A0E1009BA2E0 /* Build configuration list for PBXProject "Allock&init" */;
			compatibilityVersion = "Xcode 9.3";
			developmentRegion = en;
			hasScannedForEncodings = 0;
			knownRegions = (
				en,
				Base,
			);
			mainGroup = B95141F62234A0E1009BA2E0;
			productRefGroup = B95142002234A0E1009BA2E0 /* Products */;
			projectDirPath = "";
			projectRoot = "";
			targets = (
				B95141FE2234A0E1009BA2E0 /* Allock&init */,
			);
		};
/* End PBXProject section */

/* Begin PBXResourcesBuildPhase section */
		B95141FD2234A0E1009BA2E0 /* Resources */ = {
			isa = PBXResourcesBuildPhase;
			buildActionMask = 2147483647;
			files = (
				B951420F2234A0E1009BA2E0 /* LaunchScreen.storyboard in Resources */,
				B951420C2234A0E1009BA2E0 /* Assets.xcassets in Resources */,
				B951420A2234A0E1009BA2E0 /* Main.storyboard in Resources */,
			);
			runOnlyForDeploymentPostprocessing = 0;
		};
/* End PBXResourcesBuildPhase section */

/* Begin PBXSourcesBuildPhase section */
		B95141FB2234A0E1009BA2E0 /* Sources */ = {
			isa = PBXSourcesBuildPhase;
			buildActionMask = 2147483647;
			files = (
				B95142072234A0E1009BA2E0 /* ViewController.m in Sources */,
				B951421A2234A116009BA2E0 /* CZPerson.m in Sources */,
				B95142122234A0E1009BA2E0 /* main.m in Sources */,
				B95142042234A0E1009BA2E0 /* AppDelegate.m in Sources */,
			);
			runOnlyForDeploymentPostprocessing = 0;
		};
/* End PBXSourcesBuildPhase section */

/* Begin PBXVariantGroup section */
		B95142082234A0E1009BA2E0 /* Main.storyboard */ = {
			isa = PBXVariantGroup;
			children = (
				B95142092234A0E1009BA2E0 /* Base */,
			);
			name = Main.storyboard;
			sourceTree = "<group>";
		};
		B951420D2234A0E1009BA2E0 /* LaunchScreen.storyboard */ = {
			isa = PBXVariantGroup;
			children = (
				B951420E2234A0E1009BA2E0 /* Base */,
			);
			name = LaunchScreen.storyboard;
			sourceTree = "<group>";
		};
/* End PBXVariantGroup section */

/* Begin XCBuildConfiguration section */
		B95142132234A0E1009BA2E0 /* Debug */ = {
			isa = XCBuildConfiguration;
			buildSettings = {
				ALWAYS_SEARCH_USER_PATHS = NO;
				CLANG_ANALYZER_NONNULL = YES;
				CLANG_ANALYZER_NUMBER_OBJECT_CONVERSION = YES_AGGRESSIVE;
				CLANG_CXX_LANGUAGE_STANDARD = "gnu++14";
				CLANG_CXX_LIBRARY = "libc++";
				CLANG_ENABLE_MODULES = YES;
				CLANG_ENABLE_OBJC_ARC = YES;
				CLANG_ENABLE_OBJC_WEAK = YES;
				CLANG_WARN_BLOCK_CAPTURE_AUTORELEASING = YES;
				CLANG_WARN_BOOL_CONVERSION = YES;
				CLANG_WARN_COMMA = YES;
				CLANG_WARN_CONSTANT_CONVERSION = YES;
				CLANG_WARN_DEPRECATED_OBJC_IMPLEMENTATIONS = YES;
				CLANG_WARN_DIRECT_OBJC_ISA_USAGE = YES_ERROR;
				CLANG_WARN_DOCUMENTATION_COMMENTS = YES;
				CLANG_WARN_EMPTY_BODY = YES;
				CLANG_WARN_ENUM_CONVERSION = YES;
				CLANG_WARN_INFINITE_RECURSION = YES;
				CLANG_WARN_INT_CONVERSION = YES;
				CLANG_WARN_NON_LITERAL_NULL_CONVERSION = YES;
				CLANG_WARN_OBJC_IMPLICIT_RETAIN_SELF = YES;
				CLANG_WARN_OBJC_LITERAL_CONVERSION = YES;
				CLANG_WARN_OBJC_ROOT_CLASS = YES_ERROR;
				CLANG_WARN_RANGE_LOOP_ANALYSIS = YES;
				CLANG_WARN_STRICT_PROTOTYPES = YES;
				CLANG_WARN_SUSPICIOUS_MOVE = YES;
				CLANG_WARN_UNGUARDED_AVAILABILITY = YES_AGGRESSIVE;
				CLANG_WARN_UNREACHABLE_CODE = YES;
				CLANG_WARN__DUPLICATE_METHOD_MATCH = YES;
				CODE_SIGN_IDENTITY = "iPhone Developer";
				COPY_PHASE_STRIP = NO;
				DEBUG_INFORMATION_FORMAT = dwarf;
				ENABLE_STRICT_OBJC_MSGSEND = YES;
				ENABLE_TESTABILITY = YES;
				GCC_C_LANGUAGE_STANDARD = gnu11;
				GCC_DYNAMIC_NO_PIC = NO;
				GCC_NO_COMMON_BLOCKS = YES;
				GCC_OPTIMIZATION_LEVEL = 0;
				GCC_PREPROCESSOR_DEFINITIONS = (
					"DEBUG=1",
					"$(inherited)",
				);
				GCC_WARN_64_TO_32_BIT_CONVERSION = YES;
				GCC_WARN_ABOUT_RETURN_TYPE = YES_ERROR;
				GCC_WARN_UNDECLARED_SELECTOR = YES;
				GCC_WARN_UNINITIALIZED_AUTOS = YES_AGGRESSIVE;
				GCC_WARN_UNUSED_FUNCTION = YES;
				GCC_WARN_UNUSED_VARIABLE = YES;
				IPHONEOS_DEPLOYMENT_TARGET = 12.1;
				MTL_ENABLE_DEBUG_INFO = INCLUDE_SOURCE;
				MTL_FAST_MATH = YES;
				ONLY_ACTIVE_ARCH = YES;
				SDKROOT = iphoneos;
			};
			name = Debug;
		};
		B95142142234A0E1009BA2E0 /* Release */ = {
			isa = XCBuildConfiguration;
			buildSettings = {
				ALWAYS_SEARCH_USER_PATHS = NO;
				CLANG_ANALYZER_NONNULL = YES;
				CLANG_ANALYZER_NUMBER_OBJECT_CONVERSION = YES_AGGRESSIVE;
				CLANG_CXX_LANGUAGE_STANDARD = "gnu++14";
				CLANG_CXX_LIBRARY = "libc++";
				CLANG_ENABLE_MODULES = YES;
				CLANG_ENABLE_OBJC_ARC = YES;
				CLANG_ENABLE_OBJC_WEAK = YES;
				CLANG_WARN_BLOCK_CAPTURE_AUTORELEASING = YES;
				CLANG_WARN_BOOL_CONVERSION = YES;
				CLANG_WARN_COMMA = YES;
				CLANG_WARN_CONSTANT_CONVERSION = YES;
				CLANG_WARN_DEPRECATED_OBJC_IMPLEMENTATIONS = YES;
				CLANG_WARN_DIRECT_OBJC_ISA_USAGE = YES_ERROR;
				CLANG_WARN_DOCUMENTATION_COMMENTS = YES;
				CLANG_WARN_EMPTY_BODY = YES;
				CLANG_WARN_ENUM_CONVERSION = YES;
				CLANG_WARN_INFINITE_RECURSION = YES;
				CLANG_WARN_INT_CONVERSION = YES;
				CLANG_WARN_NON_LITERAL_NULL_CONVERSION = YES;
				CLANG_WARN_OBJC_IMPLICIT_RETAIN_SELF = YES;
				CLANG_WARN_OBJC_LITERAL_CONVERSION = YES;
				CLANG_WARN_OBJC_ROOT_CLASS = YES_ERROR;
				CLANG_WARN_RANGE_LOOP_ANALYSIS = YES;
				CLANG_WARN_STRICT_PROTOTYPES = YES;
				CLANG_WARN_SUSPICIOUS_MOVE = YES;
				CLANG_WARN_UNGUARDED_AVAILABILITY = YES_AGGRESSIVE;
				CLANG_WARN_UNREACHABLE_CODE = YES;
				CLANG_WARN__DUPLICATE_METHOD_MATCH = YES;
				CODE_SIGN_IDENTITY = "iPhone Developer";
				COPY_PHASE_STRIP = NO;
				DEBUG_INFORMATION_FORMAT = "dwarf-with-dsym";
				ENABLE_NS_ASSERTIONS = NO;
				ENABLE_STRICT_OBJC_MSGSEND = YES;
				GCC_C_LANGUAGE_STANDARD = gnu11;
				GCC_NO_COMMON_BLOCKS = YES;
				GCC_WARN_64_TO_32_BIT_CONVERSION = YES;
				GCC_WARN_ABOUT_RETURN_TYPE = YES_ERROR;
				GCC_WARN_UNDECLARED_SELECTOR = YES;
				GCC_WARN_UNINITIALIZED_AUTOS = YES_AGGRESSIVE;
				GCC_WARN_UNUSED_FUNCTION = YES;
				GCC_WARN_UNUSED_VARIABLE = YES;
				IPHONEOS_DEPLOYMENT_TARGET = 12.1;
				MTL_ENABLE_DEBUG_INFO = NO;
				MTL_FAST_MATH = YES;
				SDKROOT = iphoneos;
				VALIDATE_PRODUCT = YES;
			};
			name = Release;
		};
		B95142162234A0E1009BA2E0 /* Debug */ = {
			isa = XCBuildConfiguration;
			buildSettings = {
				ASSETCATALOG_COMPILER_APPICON_NAME = AppIcon;
				CODE_SIGN_STYLE = Automatic;
				DEVELOPMENT_TEAM = 687G9WNK6U;
				INFOPLIST_FILE = "Allock&init/Info.plist";
				IPHONEOS_DEPLOYMENT_TARGET = 9.0;
				LD_RUNPATH_SEARCH_PATHS = (
					"$(inherited)",
					"@executable_path/Frameworks",
				);
				PRODUCT_BUNDLE_IDENTIFIER = "com.czcode.Allock-init";
				PRODUCT_NAME = "$(TARGET_NAME)";
				TARGETED_DEVICE_FAMILY = "1,2";
			};
			name = Debug;
		};
		B95142172234A0E1009BA2E0 /* Release */ = {
			isa = XCBuildConfiguration;
			buildSettings = {
				ASSETCATALOG_COMPILER_APPICON_NAME = AppIcon;
				CODE_SIGN_STYLE = Automatic;
				DEVELOPMENT_TEAM = 687G9WNK6U;
				INFOPLIST_FILE = "Allock&init/Info.plist";
				IPHONEOS_DEPLOYMENT_TARGET = 9.0;
				LD_RUNPATH_SEARCH_PATHS = (
					"$(inherited)",
					"@executable_path/Frameworks",
				);
				PRODUCT_BUNDLE_IDENTIFIER = "com.czcode.Allock-init";
				PRODUCT_NAME = "$(TARGET_NAME)";
				TARGETED_DEVICE_FAMILY = "1,2";
			};
			name = Release;
		};
/* End XCBuildConfiguration section */

/* Begin XCConfigurationList section */
		B95141FA2234A0E1009BA2E0 /* Build configuration list for PBXProject "Allock&init" */ = {
			isa = XCConfigurationList;
			buildConfigurations = (
				B95142132234A0E1009BA2E0 /* Debug */,
				B95142142234A0E1009BA2E0 /* Release */,
			);
			defaultConfigurationIsVisible = 0;
			defaultConfigurationName = Release;
		};
		B95142152234A0E1009BA2E0 /* Build configuration list for PBXNativeTarget "Allock&init" */ = {
			isa = XCConfigurationList;
			buildConfigurations = (
				B95142162234A0E1009BA2E0 /* Debug */,
				B95142172234A0E1009BA2E0 /* Release */,
			);
			defaultConfigurationIsVisible = 0;
			defaultConfigurationName = Release;
		};
/* End XCConfigurationList section */
	};
	rootObject = B95141F72234A0E1009BA2E0 /* Project object */;
}
